lockfileVersion: '9.0'

settings:
  autoInstallPeers: true
  excludeLinksFromLockfile: false

importers:

  .:
    devDependencies:
      lefthook:
        specifier: ^2.1.5
        version: 2.1.5
      playwright:
        specifier: ^1.59.1
        version: 1.59.1
      prettier:
        specifier: ^3.8.2
        version: 3.8.2

packages:

  fsevents@2.3.2:
    resolution: {integrity: sha512-xiqMQR4xAeHTuB9uWm+fFRcIOgKBMiOBP+eXiyT7jsgVCq1bkVygt00oASowB7EdtpOHaaPgKt812P9ab+DDKA==}
    engines: {node: ^8.16.0 || ^10.6.0 || >=11.0.0}
    os: [darwin]

  lefthook-darwin-arm64@2.1.5:
    resolution: {integrity: sha512-VITTaw8PxxyE26gkZ8UcwIa5ZrWnKNRGLeeSrqri40cQdXvLTEoMq2tjjw7eiL9UcB0waRReDdzydevy9GOPUQ==}
    cpu: [arm64]
    os: [darwin]

  lefthook-darwin-x64@2.1.5:
    resolution: {integrity: sha512-AvtjYiW0BSGHBGrdvL313seUymrW9FxI+6JJwJ+ZSaa2sH81etrTB0wAwlH1L9VfFwK9+gWvatZBvLfF3L4fPw==}
    cpu: [x64]
    os: [darwin]

  lefthook-freebsd-arm64@2.1.5:
    resolution: {integrity: sha512-mXjJwe8jKGWGiBYUxfQY1ab3Nn5NhafqT9q3KJz8m5joGGQj4JD0cbWxF1nVBLBWsDGbWZRZunTCMGcIScT2bQ==}
    cpu: [arm64]
    os: [freebsd]

  lefthook-freebsd-x64@2.1.5:
    resolution: {integrity: sha512-exD69dCjc1K45BxatDPGoH4NmEvgLKPm4kJLOWn1fTeHRKZwWiFPwnjknEoG2OemlCDHmCU++5X40kMEG0WBlA==}
    cpu: [x64]
    os: [freebsd]

  lefthook-linux-arm64@2.1.5:
    resolution: {integrity: sha512-57TDKC5ewWpsCLZQKIJMHumFEObYKVundmPpiWhX491hINRZYYOL/26yrnVnNcidThRzTiTC+HLcuplLcaXtbA==}
    cpu: [arm64]
    os: [linux]

  lefthook-linux-x64@2.1.5:
    resolution: {integrity: sha512-bqK3LrAB5l5YaCaoHk6qRWlITrGWzP4FbwRxA31elbxjd0wgNWZ2Sn3zEfSEcxz442g7/PPkEwqqsTx0kSFzpg==}
    cpu: [x64]
    os: [linux]

  lefthook-openbsd-arm64@2.1.5:
    resolution: {integrity: sha512-5aSwK7vV3A6t0w9PnxCMiVjQlcvopBP50BtmnnLnNJyAYHnFbZ0Baq5M0WkE9IsUkWSux0fe6fd0jDkuG711MA==}
    cpu: [arm64]
    os: [openbsd]

  lefthook-openbsd-x64@2.1.5:
    resolution: {integrity: sha512-Y+pPdDuENJ8qWnUgL02xxhpjblc0WnwXvWGfqnl3WZrAgHzQpwx3G6469RID/wlNVdHYAlw3a8UkFSMYsTzXvA==}
    cpu: [x64]
    os: [openbsd]

  lefthook-windows-arm64@2.1.5:
    resolution: {integrity: sha512-2PlcFBjTzJaMufw0c28kfhB/0zmaRCU0TRPPsil/HU2YNOExod4upPGLk9qjgsOmb2YVWFz6zq6u7+D1yqmzTQ==}
    cpu: [arm64]
    os: [win32]

  lefthook-windows-x64@2.1.5:
    resolution: {integrity: sha512-yiAh8qxml6uqy10jDxOdN9fOQpyLxBFY1fgCEAhn7sVJYmJKRhjqSBwZX6LG5MQjzr29KStrIdw7TR3lf3rT7Q==}
    cpu: [x64]
    os: [win32]

  lefthook@2.1.5:
    resolution: {integrity: sha512-yB9IFWurFllusbPZqvG0EavTmpNXPya2MuO7Li7YT78xAj3uCQ3AgmW9TVUbTTsSMhsegbiAMRpwfEk2TP1P0A==}
    hasBin: true

  playwright-core@1.59.1:
    resolution: {integrity: sha512-HBV/RJg81z5BiiZ9yPzIiClYV/QMsDCKUyogwH9p3MCP6IYjUFu/MActgYAvK0oWyV9NlwM3GLBjADyWgydVyg==}
    engines: {node: '>=18'}
    hasBin: true

  playwright@1.59.1:
    resolution: {integrity: sha512-C8oWjPR3F81yljW9o5OxcWzfh6avkVwDD2VYdwIGqTkl+OGFISgypqzfu7dOe4QNLL2aqcWBmI3PMtLIK233lw==}
    engines: {node: '>=18'}
    hasBin: true

  prettier@3.8.2:
    resolution: {integrity: sha512-8c3mgTe0ASwWAJK+78dpviD+A8EqhndQPUBpNUIPt6+xWlIigCwfN01lWr9MAede4uqXGTEKeQWTvzb3vjia0Q==}
    engines: {node: '>=14'}
    hasBin: true

snapshots:

  fsevents@2.3.2:
    optional: true

  lefthook-darwin-arm64@2.1.5:
    optional: true

  lefthook-darwin-x64@2.1.5:
    optional: true

  lefthook-freebsd-arm64@2.1.5:
    optional: true

  lefthook-freebsd-x64@2.1.5:
    optional: true

  lefthook-linux-arm64@2.1.5:
    optional: true

  lefthook-linux-x64@2.1.5:
    optional: true

  lefthook-openbsd-arm64@2.1.5:
    optional: true

  lefthook-openbsd-x64@2.1.5:
    optional: true

  lefthook-windows-arm64@2.1.5:
    optional: true

  lefthook-windows-x64@2.1.5:
    optional: true

  lefthook@2.1.5:
    optionalDependencies:
      lefthook-darwin-arm64: 2.1.5
      lefthook-darwin-x64: 2.1.5
      lefthook-freebsd-arm64: 2.1.5
      lefthook-freebsd-x64: 2.1.5
      lefthook-linux-arm64: 2.1.5
      lefthook-linux-x64: 2.1.5
      lefthook-openbsd-arm64: 2.1.5
      lefthook-openbsd-x64: 2.1.5
      lefthook-windows-arm64: 2.1.5
      lefthook-windows-x64: 2.1.5

  playwright-core@1.59.1: {}

  playwright@1.59.1:
    dependencies:
      playwright-core: 1.59.1
    optionalDependencies:
      fsevents: 2.3.2

  prettier@3.8.2: {}
